
Microsoft Visual Studio Solution File, Format Version 12.00
# Visual Studio Version 17
VisualStudioVersion = 17.9.34622.214
MinimumVisualStudioVersion = 10.0.40219.1
Project("{FAE04EC0-301F-11D3-BF4B-00C04F79EFBC}") = "TugasMandiri2", "TugasMandiri2.csproj", "{222B9194-7B89-4EF5-BCD8-0378B345C09F}"
EndProject
Global
	GlobalSection(SolutionConfigurationPlatforms) = preSolution
		Debug|Any CPU = Debug|Any CPU
		Release|Any CPU = Release|Any CPU
	EndGlobalSection
	GlobalSection(ProjectConfigurationPlatforms) = postSolution
		{222B9194-7B89-4EF5-BCD8-0378B345C09F}.Debug|Any CPU.ActiveCfg = Debug|Any CPU
		{222B9194-7B89-4EF5-BCD8-0378B345C09F}.Debug|Any CPU.Build.0 = Debug|Any CPU
		{222B9194-7B89-4EF5-BCD8-0378B345C09F}.Release|Any CPU.ActiveCfg = Release|Any CPU
		{222B9194-7B89-4EF5-BCD8-0378B345C09F}.Release|Any CPU.Build.0 = Release|Any CPU
	EndGlobalSection
	GlobalSection(SolutionProperties) = preSolution
		HideSolutionNode = FALSE
	EndGlobalSection
	GlobalSection(ExtensibilityGlobals) = postSolution
		SolutionGuid = {092C7702-ACFB-4374-942D-BE653B1B186C}
	EndGlobalSection
EndGlobal
